// !$*UTF8*$!
{
	archiveVersion = 1;
	classes = {
	};
	objectVersion = 46;
	objects = {

/* Begin PBXBuildFile section */
		AB139F021DE530BE00AA546F /* AppDelegate.swift in Sources */ = {isa = PBXBuildFile; fileRef = AB139F011DE530BE00AA546F /* AppDelegate.swift */; };
		AB139F0A1DE530BE00AA546F /* DIYRefresh.xcdatamodeld in Sources */ = {isa = PBXBuildFile; fileRef = AB139F081DE530BE00AA546F /* DIYRefresh.xcdatamodeld */; };
		AB139F0C1DE530BE00AA546F /* Assets.xcassets in Resources */ = {isa = PBXBuildFile; fileRef = AB139F0B1DE530BE00AA546F /* Assets.xcassets */; };
		AB139F0F1DE530BE00AA546F /* LaunchScreen.storyboard in Resources */ = {isa = PBXBuildFile; fileRef = AB139F0D1DE530BE00AA546F /* LaunchScreen.storyboard */; };
		AB139F1A1DE530BE00AA546F /* DIYRefreshTests.swift in Sources */ = {isa = PBXBuildFile; fileRef = AB139F191DE530BE00AA546F /* DIYRefreshTests.swift */; };
		AB139F251DE530BE00AA546F /* DIYRefreshUITests.swift in Sources */ = {isa = PBXBuildFile; fileRef = AB139F241DE530BE00AA546F /* DIYRefreshUITests.swift */; };
		AB139F381DE532E700AA546F /* ContentViewController.swift in Sources */ = {isa = PBXBuildFile; fileRef = AB139F361DE532E700AA546F /* ContentViewController.swift */; };
		AB139F3A1DE5363B00AA546F /* DIYBarItem.swift in Sources */ = {isa = PBXBuildFile; fileRef = AB139F391DE5363B00AA546F /* DIYBarItem.swift */; };
		AB139F3C1DE53FC200AA546F /* DIYRefreshView.swift in Sources */ = {isa = PBXBuildFile; fileRef = AB139F3B1DE53FC200AA546F /* DIYRefreshView.swift */; };
		AB139F3E1DE56C8C00AA546F /* AKTA.plist in Resources */ = {isa = PBXBuildFile; fileRef = AB139F3D1DE56C8C00AA546F /* AKTA.plist */; };
		AB139F401DE5788F00AA546F /* A.plist in Resources */ = {isa = PBXBuildFile; fileRef = AB139F3F1DE5788F00AA546F /* A.plist */; };
/* End PBXBuildFile section */

/* Begin PBXContainerItemProxy section */
		AB139F161DE530BE00AA546F /* PBXContainerItemProxy */ = {
			isa = PBXContainerItemProxy;
			containerPortal = AB139EF61DE530BE00AA546F /* Project object */;
			proxyType = 1;
			remoteGlobalIDString = AB139EFD1DE530BE00AA546F;
			remoteInfo = DIYRefresh;
		};
		AB139F211DE530BE00AA546F /* PBXContainerItemProxy */ = {
			isa = PBXContainerItemProxy;
			containerPortal = AB139EF61DE530BE00AA546F /* Project object */;
			proxyType = 1;
			remoteGlobalIDString = AB139EFD1DE530BE00AA546F;
			remoteInfo = DIYRefresh;
		};
/* End PBXContainerItemProxy section */

/* Begin PBXFileReference section */
		AB139EFE1DE530BE00AA546F /* DIYRefresh.app */ = {isa = PBXFileReference; explicitFileType = wrapper.application; includeInIndex = 0; path = DIYRefresh.app; sourceTree = BUILT_PRODUCTS_DIR; };
		AB139F011DE530BE00AA546F /* AppDelegate.swift */ = {isa = PBXFileReference; lastKnownFileType = sourcecode.swift; path = AppDelegate.swift; sourceTree = "<group>"; };
		AB139F091DE530BE00AA546F /* DIYRefresh.xcdatamodel */ = {isa = PBXFileReference; lastKnownFileType = wrapper.xcdatamodel; path = DIYRefresh.xcdatamodel; sourceTree = "<group>"; };
		AB139F0B1DE530BE00AA546F /* Assets.xcassets */ = {isa = PBXFileReference; lastKnownFileType = folder.assetcatalog; path = Assets.xcassets; sourceTree = "<group>"; };
		AB139F0E1DE530BE00AA546F /* Base */ = {isa = PBXFileReference; lastKnownFileType = file.storyboard; name = Base; path = Base.lproj/LaunchScreen.storyboard; sourceTree = "<group>"; };
		AB139F101DE530BE00AA546F /* Info.plist */ = {isa = PBXFileReference; lastKnownFileType = text.plist.xml; path = Info.plist; sourceTree = "<group>"; };
		AB139F151DE530BE00AA546F /* DIYRefreshTests.xctest */ = {isa = PBXFileReference; explicitFileType = wrapper.cfbundle; includeInIndex = 0; path = DIYRefreshTests.xctest; sourceTree = BUILT_PRODUCTS_DIR; };
		AB139F191DE530BE00AA546F /* DIYRefreshTests.swift */ = {isa = PBXFileReference; lastKnownFileType = sourcecode.swift; path = DIYRefreshTests.swift; sourceTree = "<group>"; };
		AB139F1B1DE530BE00AA546F /* Info.plist */ = {isa = PBXFileReference; lastKnownFileType = text.plist.xml; path = Info.plist; sourceTree = "<group>"; };
		AB139F201DE530BE00AA546F /* DIYRefreshUITests.xctest */ = {isa = PBXFileReference; explicitFileType = wrapper.cfbundle; includeInIndex = 0; path = DIYRefreshUITests.xctest; sourceTree = BUILT_PRODUCTS_DIR; };
		AB139F241DE530BE00AA546F /* DIYRefreshUITests.swift */ = {isa = PBXFileReference; lastKnownFileType = sourcecode.swift; path = DIYRefreshUITests.swift; sourceTree = "<group>"; };
		AB139F261DE530BE00AA546F /* Info.plist */ = {isa = PBXFileReference; lastKnownFileType = text.plist.xml; path = Info.plist; sourceTree = "<group>"; };
		AB139F361DE532E700AA546F /* ContentViewController.swift */ = {isa = PBXFileReference; fileEncoding = 4; lastKnownFileType = sourcecode.swift; path = ContentViewController.swift; sourceTree = "<group>"; };
		AB139F391DE5363B00AA546F /* DIYBarItem.swift */ = {isa = PBXFileReference; fileEncoding = 4; lastKnownFileType = sourcecode.swift; path = DIYBarItem.swift; sourceTree = "<group>"; };
		AB139F3B1DE53FC200AA546F /* DIYRefreshView.swift */ = {isa = PBXFileReference; fileEncoding = 4; lastKnownFileType = sourcecode.swift; path = DIYRefreshView.swift; sourceTree = "<group>"; };
		AB139F3D1DE56C8C00AA546F /* AKTA.plist */ = {isa = PBXFileReference; fileEncoding = 4; lastKnownFileType = text.plist.xml; path = AKTA.plist; sourceTree = "<group>"; };
		AB139F3F1DE5788F00AA546F /* A.plist */ = {isa = PBXFileReference; fileEncoding = 4; lastKnownFileType = text.plist.xml; path = A.plist; sourceTree = "<group>"; };
/* End PBXFileReference section */

/* Begin PBXFrameworksBuildPhase section */
		AB139EFB1DE530BE00AA546F /* Frameworks */ = {
			isa = PBXFrameworksBuildPhase;
			buildActionMask = 2147483647;
			files = (
			);
			runOnlyForDeploymentPostprocessing = 0;
		};
		AB139F121DE530BE00AA546F /* Frameworks */ = {
			isa = PBXFrameworksBuildPhase;
			buildActionMask = 2147483647;
			files = (
			);
			runOnlyForDeploymentPostprocessing = 0;
		};
		AB139F1D1DE530BE00AA546F /* Frameworks */ = {
			isa = PBXFrameworksBuildPhase;
			buildActionMask = 2147483647;
			files = (
			);
			runOnlyForDeploymentPostprocessing = 0;
		};
/* End PBXFrameworksBuildPhase section */

/* Begin PBXGroup section */
		AB139EF51DE530BE00AA546F = {
			isa = PBXGroup;
			children = (
				AB139F001DE530BE00AA546F /* DIYRefresh */,
				AB139F181DE530BE00AA546F /* DIYRefreshTests */,
				AB139F231DE530BE00AA546F /* DIYRefreshUITests */,
				AB139EFF1DE530BE00AA546F /* Products */,
			);
			sourceTree = "<group>";
		};
		AB139EFF1DE530BE00AA546F /* Products */ = {
			isa = PBXGroup;
			children = (
				AB139EFE1DE530BE00AA546F /* DIYRefresh.app */,
				AB139F151DE530BE00AA546F /* DIYRefreshTests.xctest */,
				AB139F201DE530BE00AA546F /* DIYRefreshUITests.xctest */,
			);
			name = Products;
			sourceTree = "<group>";
		};
		AB139F001DE530BE00AA546F /* DIYRefresh */ = {
			isa = PBXGroup;
			children = (
				AB139F011DE530BE00AA546F /* AppDelegate.swift */,
				AB139F341DE532E700AA546F /* Classes */,
				AB139F0B1DE530BE00AA546F /* Assets.xcassets */,
				AB139F0D1DE530BE00AA546F /* LaunchScreen.storyboard */,
				AB139F101DE530BE00AA546F /* Info.plist */,
				AB139F081DE530BE00AA546F /* DIYRefresh.xcdatamodeld */,
			);
			path = DIYRefresh;
			sourceTree = "<group>";
		};
		AB139F181DE530BE00AA546F /* DIYRefreshTests */ = {
			isa = PBXGroup;
			children = (
				AB139F191DE530BE00AA546F /* DIYRefreshTests.swift */,
				AB139F1B1DE530BE00AA546F /* Info.plist */,
			);
			path = DIYRefreshTests;
			sourceTree = "<group>";
		};
		AB139F231DE530BE00AA546F /* DIYRefreshUITests */ = {
			isa = PBXGroup;
			children = (
				AB139F241DE530BE00AA546F /* DIYRefreshUITests.swift */,
				AB139F261DE530BE00AA546F /* Info.plist */,
			);
			path = DIYRefreshUITests;
			sourceTree = "<group>";
		};
		AB139F341DE532E700AA546F /* Classes */ = {
			isa = PBXGroup;
			children = (
				AB139F371DE532E700AA546F /* DIYRefresh */,
				AB139F351DE532E700AA546F /* Demo */,
			);
			path = Classes;
			sourceTree = "<group>";
		};
		AB139F351DE532E700AA546F /* Demo */ = {
			isa = PBXGroup;
			children = (
				AB139F361DE532E700AA546F /* ContentViewController.swift */,
			);
			path = Demo;
			sourceTree = "<group>";
		};
		AB139F371DE532E700AA546F /* DIYRefresh */ = {
			isa = PBXGroup;
			children = (
				AB139F3F1DE5788F00AA546F /* A.plist */,
				AB139F3D1DE56C8C00AA546F /* AKTA.plist */,
				AB139F391DE5363B00AA546F /* DIYBarItem.swift */,
				AB139F3B1DE53FC200AA546F /* DIYRefreshView.swift */,
			);
			path = DIYRefresh;
			sourceTree = "<group>";
		};
/* End PBXGroup section */

/* Begin PBXNativeTarget section */
		AB139EFD1DE530BE00AA546F /* DIYRefresh */ = {
			isa = PBXNativeTarget;
			buildConfigurationList = AB139F291DE530BE00AA546F /* Build configuration list for PBXNativeTarget "DIYRefresh" */;
			buildPhases = (
				AB139EFA1DE530BE00AA546F /* Sources */,
				AB139EFB1DE530BE00AA546F /* Frameworks */,
				AB139EFC1DE530BE00AA546F /* Resources */,
			);
			buildRules = (
			);
			dependencies = (
			);
			name = DIYRefresh;
			productName = DIYRefresh;
			productReference = AB139EFE1DE530BE00AA546F /* DIYRefresh.app */;
			productType = "com.apple.product-type.application";
		};
		AB139F141DE530BE00AA546F /* DIYRefreshTests */ = {
			isa = PBXNativeTarget;
			buildConfigurationList = AB139F2C1DE530BE00AA546F /* Build configuration list for PBXNativeTarget "DIYRefreshTests" */;
			buildPhases = (
				AB139F111DE530BE00AA546F /* Sources */,
				AB139F121DE530BE00AA546F /* Frameworks */,
				AB139F131DE530BE00AA546F /* Resources */,
			);
			buildRules = (
			);
			dependencies = (
				AB139F171DE530BE00AA546F /* PBXTargetDependency */,
			);
			name = DIYRefreshTests;
			productName = DIYRefreshTests;
			productReference = AB139F151DE530BE00AA546F /* DIYRefreshTests.xctest */;
			productType = "com.apple.product-type.bundle.unit-test";
		};
		AB139F1F1DE530BE00AA546F /* DIYRefreshUITests */ = {
			isa = PBXNativeTarget;
			buildConfigurationList = AB139F2F1DE530BE00AA546F /* Build configuration list for PBXNativeTarget "DIYRefreshUITests" */;
			buildPhases = (
				AB139F1C1DE530BE00AA546F /* Sources */,
				AB139F1D1DE530BE00AA546F /* Frameworks */,
				AB139F1E1DE530BE00AA546F /* Resources */,
			);
			buildRules = (
			);
			dependencies = (
				AB139F221DE530BE00AA546F /* PBXTargetDependency */,
			);
			name = DIYRefreshUITests;
			productName = DIYRefreshUITests;
			productReference = AB139F201DE530BE00AA546F /* DIYRefreshUITests.xctest */;
			productType = "com.apple.product-type.bundle.ui-testing";
		};
/* End PBXNativeTarget section */

/* Begin PBXProject section */
		AB139EF61DE530BE00AA546F /* Project object */ = {
			isa = PBXProject;
			attributes = {
				LastSwiftUpdateCheck = 0810;
				LastUpgradeCheck = 0810;
				ORGANIZATIONNAME = hjl;
				TargetAttributes = {
					AB139EFD1DE530BE00AA546F = {
						CreatedOnToolsVersion = 8.1;
						DevelopmentTeam = WC47X97HN7;
						ProvisioningStyle = Automatic;
					};
					AB139F141DE530BE00AA546F = {
						CreatedOnToolsVersion = 8.1;
						ProvisioningStyle = Automatic;
						TestTargetID = AB139EFD1DE530BE00AA546F;
					};
					AB139F1F1DE530BE00AA546F = {
						CreatedOnToolsVersion = 8.1;
						ProvisioningStyle = Automatic;
						TestTargetID = AB139EFD1DE530BE00AA546F;
					};
				};
			};
			buildConfigurationList = AB139EF91DE530BE00AA546F /* Build configuration list for PBXProject "DIYRefresh" */;
			compatibilityVersion = "Xcode 3.2";
			developmentRegion = English;
			hasScannedForEncodings = 0;
			knownRegions = (
				en,
				Base,
			);
			mainGroup = AB139EF51DE530BE00AA546F;
			productRefGroup = AB139EFF1DE530BE00AA546F /* Products */;
			projectDirPath = "";
			projectRoot = "";
			targets = (
				AB139EFD1DE530BE00AA546F /* DIYRefresh */,
				AB139F141DE530BE00AA546F /* DIYRefreshTests */,
				AB139F1F1DE530BE00AA546F /* DIYRefreshUITests */,
			);
		};
/* End PBXProject section */

/* Begin PBXResourcesBuildPhase section */
		AB139EFC1DE530BE00AA546F /* Resources */ = {
			isa = PBXResourcesBuildPhase;
			buildActionMask = 2147483647;
			files = (
				AB139F3E1DE56C8C00AA546F /* AKTA.plist in Resources */,
				AB139F0F1DE530BE00AA546F /* LaunchScreen.storyboard in Resources */,
				AB139F401DE5788F00AA546F /* A.plist in Resources */,
				AB139F0C1DE530BE00AA546F /* Assets.xcassets in Resources */,
			);
			runOnlyForDeploymentPostprocessing = 0;
		};
		AB139F131DE530BE00AA546F /* Resources */ = {
			isa = PBXResourcesBuildPhase;
			buildActionMask = 2147483647;
			files = (
			);
			runOnlyForDeploymentPostprocessing = 0;
		};
		AB139F1E1DE530BE00AA546F /* Resources */ = {
			isa = PBXResourcesBuildPhase;
			buildActionMask = 2147483647;
			files = (
			);
			runOnlyForDeploymentPostprocessing = 0;
		};
/* End PBXResourcesBuildPhase section */

/* Begin PBXSourcesBuildPhase section */
		AB139EFA1DE530BE00AA546F /* Sources */ = {
			isa = PBXSourcesBuildPhase;
			buildActionMask = 2147483647;
			files = (
				AB139F381DE532E700AA546F /* ContentViewController.swift in Sources */,
				AB139F3C1DE53FC200AA546F /* DIYRefreshView.swift in Sources */,
				AB139F3A1DE5363B00AA546F /* DIYBarItem.swift in Sources */,
				AB139F021DE530BE00AA546F /* AppDelegate.swift in Sources */,
				AB139F0A1DE530BE00AA546F /* DIYRefresh.xcdatamodeld in Sources */,
			);
			runOnlyForDeploymentPostprocessing = 0;
		};
		AB139F111DE530BE00AA546F /* Sources */ = {
			isa = PBXSourcesBuildPhase;
			buildActionMask = 2147483647;
			files = (
				AB139F1A1DE530BE00AA546F /* DIYRefreshTests.swift in Sources */,
			);
			runOnlyForDeploymentPostprocessing = 0;
		};
		AB139F1C1DE530BE00AA546F /* Sources */ = {
			isa = PBXSourcesBuildPhase;
			buildActionMask = 2147483647;
			files = (
				AB139F251DE530BE00AA546F /* DIYRefreshUITests.swift in Sources */,
			);
			runOnlyForDeploymentPostprocessing = 0;
		};
/* End PBXSourcesBuildPhase section */

/* Begin PBXTargetDependency section */
		AB139F171DE530BE00AA546F /* PBXTargetDependency */ = {
			isa = PBXTargetDependency;
			target = AB139EFD1DE530BE00AA546F /* DIYRefresh */;
			targetProxy = AB139F161DE530BE00AA546F /* PBXContainerItemProxy */;
		};
		AB139F221DE530BE00AA546F /* PBXTargetDependency */ = {
			isa = PBXTargetDependency;
			target = AB139EFD1DE530BE00AA546F /* DIYRefresh */;
			targetProxy = AB139F211DE530BE00AA546F /* PBXContainerItemProxy */;
		};
/* End PBXTargetDependency section */

/* Begin PBXVariantGroup section */
		AB139F0D1DE530BE00AA546F /* LaunchScreen.storyboard */ = {
			isa = PBXVariantGroup;
			children = (
				AB139F0E1DE530BE00AA546F /* Base */,
			);
			name = LaunchScreen.storyboard;
			sourceTree = "<group>";
		};
/* End PBXVariantGroup section */

/* Begin XCBuildConfiguration section */
		AB139F271DE530BE00AA546F /* Debug */ = {
			isa = XCBuildConfiguration;
			buildSettings = {
				ALWAYS_SEARCH_USER_PATHS = NO;
				CLANG_ANALYZER_NONNULL = YES;
				CLANG_CXX_LANGUAGE_STANDARD = "gnu++0x";
				CLANG_CXX_LIBRARY = "libc++";
				CLANG_ENABLE_MODULES = YES;
				CLANG_ENABLE_OBJC_ARC = YES;
				CLANG_WARN_BOOL_CONVERSION = YES;
				CLANG_WARN_CONSTANT_CONVERSION = YES;
				CLANG_WARN_DIRECT_OBJC_ISA_USAGE = YES_ERROR;
				CLANG_WARN_DOCUMENTATION_COMMENTS = YES;
				CLANG_WARN_EMPTY_BODY = YES;
				CLANG_WARN_ENUM_CONVERSION = YES;
				CLANG_WARN_INFINITE_RECURSION = YES;
				CLANG_WARN_INT_CONVERSION = YES;
				CLANG_WARN_OBJC_ROOT_CLASS = YES_ERROR;
				CLANG_WARN_SUSPICIOUS_MOVES = YES;
				CLANG_WARN_UNREACHABLE_CODE = YES;
				CLANG_WARN__DUPLICATE_METHOD_MATCH = YES;
				"CODE_SIGN_IDENTITY[sdk=iphoneos*]" = "iPhone Developer";
				COPY_PHASE_STRIP = NO;
				DEBUG_INFORMATION_FORMAT = dwarf;
				ENABLE_STRICT_OBJC_MSGSEND = YES;
				ENABLE_TESTABILITY = YES;
				GCC_C_LANGUAGE_STANDARD = gnu99;
				GCC_DYNAMIC_NO_PIC = NO;
				GCC_NO_COMMON_BLOCKS = YES;
				GCC_OPTIMIZATION_LEVEL = 0;
				GCC_PREPROCESSOR_DEFINITIONS = (
					"DEBUG=1",
					"$(inherited)",
				);
				GCC_WARN_64_TO_32_BIT_CONVERSION = YES;
				GCC_WARN_ABOUT_RETURN_TYPE = YES_ERROR;
				GCC_WARN_UNDECLARED_SELECTOR = YES;
				GCC_WARN_UNINITIALIZED_AUTOS = YES_AGGRESSIVE;
				GCC_WARN_UNUSED_FUNCTION = YES;
				GCC_WARN_UNUSED_VARIABLE = YES;
				IPHONEOS_DEPLOYMENT_TARGET = 10.1;
				MTL_ENABLE_DEBUG_INFO = YES;
				ONLY_ACTIVE_ARCH = YES;
				SDKROOT = iphoneos;
				SWIFT_ACTIVE_COMPILATION_CONDITIONS = DEBUG;
				SWIFT_OPTIMIZATION_LEVEL = "-Onone";
				TARGETED_DEVICE_FAMILY = "1,2";
			};
			name = Debug;
		};
		AB139F281DE530BE00AA546F /* Release */ = {
			isa = XCBuildConfiguration;
			buildSettings = {
				ALWAYS_SEARCH_USER_PATHS = NO;
				CLANG_ANALYZER_NONNULL = YES;
				CLANG_CXX_LANGUAGE_STANDARD = "gnu++0x";
				CLANG_CXX_LIBRARY = "libc++";
				CLANG_ENABLE_MODULES = YES;
				CLANG_ENABLE_OBJC_ARC = YES;
				CLANG_WARN_BOOL_CONVERSION = YES;
				CLANG_WARN_CONSTANT_CONVERSION = YES;
				CLANG_WARN_DIRECT_OBJC_ISA_USAGE = YES_ERROR;
				CLANG_WARN_DOCUMENTATION_COMMENTS = YES;
				CLANG_WARN_EMPTY_BODY = YES;
				CLANG_WARN_ENUM_CONVERSION = YES;
				CLANG_WARN_INFINITE_RECURSION = YES;
				CLANG_WARN_INT_CONVERSION = YES;
				CLANG_WARN_OBJC_ROOT_CLASS = YES_ERROR;
				CLANG_WARN_SUSPICIOUS_MOVES = YES;
				CLANG_WARN_UNREACHABLE_CODE = YES;
				CLANG_WARN__DUPLICATE_METHOD_MATCH = YES;
				"CODE_SIGN_IDENTITY[sdk=iphoneos*]" = "iPhone Developer";
				COPY_PHASE_STRIP = NO;
				DEBUG_INFORMATION_FORMAT = "dwarf-with-dsym";
				ENABLE_NS_ASSERTIONS = NO;
				ENABLE_STRICT_OBJC_MSGSEND = YES;
				GCC_C_LANGUAGE_STANDARD = gnu99;
				GCC_NO_COMMON_BLOCKS = YES;
				GCC_WARN_64_TO_32_BIT_CONVERSION = YES;
				GCC_WARN_ABOUT_RETURN_TYPE = YES_ERROR;
				GCC_WARN_UNDECLARED_SELECTOR = YES;
				GCC_WARN_UNINITIALIZED_AUTOS = YES_AGGRESSIVE;
				GCC_WARN_UNUSED_FUNCTION = YES;
				GCC_WARN_UNUSED_VARIABLE = YES;
				IPHONEOS_DEPLOYMENT_TARGET = 10.1;
				MTL_ENABLE_DEBUG_INFO = NO;
				SDKROOT = iphoneos;
				SWIFT_OPTIMIZATION_LEVEL = "-Owholemodule";
				TARGETED_DEVICE_FAMILY = "1,2";
				VALIDATE_PRODUCT = YES;
			};
			name = Release;
		};
		AB139F2A1DE530BE00AA546F /* Debug */ = {
			isa = XCBuildConfiguration;
			buildSettings = {
				ASSETCATALOG_COMPILER_APPICON_NAME = AppIcon;
				DEVELOPMENT_TEAM = WC47X97HN7;
				INFOPLIST_FILE = DIYRefresh/Info.plist;
				LD_RUNPATH_SEARCH_PATHS = "$(inherited) @executable_path/Frameworks";
				PRODUCT_BUNDLE_IDENTIFIER = hjl.DIYRefresh;
				PRODUCT_NAME = "$(TARGET_NAME)";
				SWIFT_VERSION = 3.0;
			};
			name = Debug;
		};
		AB139F2B1DE530BE00AA546F /* Release */ = {
			isa = XCBuildConfiguration;
			buildSettings = {
				ASSETCATALOG_COMPILER_APPICON_NAME = AppIcon;
				DEVELOPMENT_TEAM = WC47X97HN7;
				INFOPLIST_FILE = DIYRefresh/Info.plist;
				LD_RUNPATH_SEARCH_PATHS = "$(inherited) @executable_path/Frameworks";
				PRODUCT_BUNDLE_IDENTIFIER = hjl.DIYRefresh;
				PRODUCT_NAME = "$(TARGET_NAME)";
				SWIFT_VERSION = 3.0;
			};
			name = Release;
		};
		AB139F2D1DE530BE00AA546F /* Debug */ = {
			isa = XCBuildConfiguration;
			buildSettings = {
				ALWAYS_EMBED_SWIFT_STANDARD_LIBRARIES = YES;
				BUNDLE_LOADER = "$(TEST_HOST)";
				INFOPLIST_FILE = DIYRefreshTests/Info.plist;
				LD_RUNPATH_SEARCH_PATHS = "$(inherited) @executable_path/Frameworks @loader_path/Frameworks";
				PRODUCT_BUNDLE_IDENTIFIER = hjl.DIYRefreshTests;
				PRODUCT_NAME = "$(TARGET_NAME)";
				SWIFT_VERSION = 3.0;
				TEST_HOST = "$(BUILT_PRODUCTS_DIR)/DIYRefresh.app/DIYRefresh";
			};
			name = Debug;
		};
		AB139F2E1DE530BE00AA546F /* Release */ = {
			isa = XCBuildConfiguration;
			buildSettings = {
				ALWAYS_EMBED_SWIFT_STANDARD_LIBRARIES = YES;
				BUNDLE_LOADER = "$(TEST_HOST)";
				INFOPLIST_FILE = DIYRefreshTests/Info.plist;
				LD_RUNPATH_SEARCH_PATHS = "$(inherited) @executable_path/Frameworks @loader_path/Frameworks";
				PRODUCT_BUNDLE_IDENTIFIER = hjl.DIYRefreshTests;
				PRODUCT_NAME = "$(TARGET_NAME)";
				SWIFT_VERSION = 3.0;
				TEST_HOST = "$(BUILT_PRODUCTS_DIR)/DIYRefresh.app/DIYRefresh";
			};
			name = Release;
		};
		AB139F301DE530BE00AA546F /* Debug */ = {
			isa = XCBuildConfiguration;
			buildSettings = {
				ALWAYS_EMBED_SWIFT_STANDARD_LIBRARIES = YES;
				INFOPLIST_FILE = DIYRefreshUITests/Info.plist;
				LD_RUNPATH_SEARCH_PATHS = "$(inherited) @executable_path/Frameworks @loader_path/Frameworks";
				PRODUCT_BUNDLE_IDENTIFIER = hjl.DIYRefreshUITests;
				PRODUCT_NAME = "$(TARGET_NAME)";
				SWIFT_VERSION = 3.0;
				TEST_TARGET_NAME = DIYRefresh;
			};
			name = Debug;
		};
		AB139F311DE530BE00AA546F /* Release */ = {
			isa = XCBuildConfiguration;
			buildSettings = {
				ALWAYS_EMBED_SWIFT_STANDARD_LIBRARIES = YES;
				INFOPLIST_FILE = DIYRefreshUITests/Info.plist;
				LD_RUNPATH_SEARCH_PATHS = "$(inherited) @executable_path/Frameworks @loader_path/Frameworks";
				PRODUCT_BUNDLE_IDENTIFIER = hjl.DIYRefreshUITests;
				PRODUCT_NAME = "$(TARGET_NAME)";
				SWIFT_VERSION = 3.0;
				TEST_TARGET_NAME = DIYRefresh;
			};
			name = Release;
		};
/* End XCBuildConfiguration section */

/* Begin XCConfigurationList section */
		AB139EF91DE530BE00AA546F /* Build configuration list for PBXProject "DIYRefresh" */ = {
			isa = XCConfigurationList;
			buildConfigurations = (
				AB139F271DE530BE00AA546F /* Debug */,
				AB139F281DE530BE00AA546F /* Release */,
			);
			defaultConfigurationIsVisible = 0;
			defaultConfigurationName = Release;
		};
		AB139F291DE530BE00AA546F /* Build configuration list for PBXNativeTarget "DIYRefresh" */ = {
			isa = XCConfigurationList;
			buildConfigurations = (
				AB139F2A1DE530BE00AA546F /* Debug */,
				AB139F2B1DE530BE00AA546F /* Release */,
			);
			defaultConfigurationIsVisible = 0;
			defaultConfigurationName = Release;
		};
		AB139F2C1DE530BE00AA546F /* Build configuration list for PBXNativeTarget "DIYRefreshTests" */ = {
			isa = XCConfigurationList;
			buildConfigurations = (
				AB139F2D1DE530BE00AA546F /* Debug */,
				AB139F2E1DE530BE00AA546F /* Release */,
			);
			defaultConfigurationIsVisible = 0;
			defaultConfigurationName = Release;
		};
		AB139F2F1DE530BE00AA546F /* Build configuration list for PBXNativeTarget "DIYRefreshUITests" */ = {
			isa = XCConfigurationList;
			buildConfigurations = (
				AB139F301DE530BE00AA546F /* Debug */,
				AB139F311DE530BE00AA546F /* Release */,
			);
			defaultConfigurationIsVisible = 0;
			defaultConfigurationName = Release;
		};
/* End XCConfigurationList section */

/* Begin XCVersionGroup section */
		AB139F081DE530BE00AA546F /* DIYRefresh.xcdatamodeld */ = {
			isa = XCVersionGroup;
			children = (
				AB139F091DE530BE00AA546F /* DIYRefresh.xcdatamodel */,
			);
			currentVersion = AB139F091DE530BE00AA546F /* DIYRefresh.xcdatamodel */;
			path = DIYRefresh.xcdatamodeld;
			sourceTree = "<group>";
			versionGroupType = wrapper.xcdatamodel;
		};
/* End XCVersionGroup section */
	};
	rootObject = AB139EF61DE530BE00AA546F /* Project object */;
}
